
Microsoft Visual Studio Solution File, Format Version 12.00
# Visual Studio 15
VisualStudioVersion = 15.0.27428.2011
MinimumVisualStudioVersion = 10.0.40219.1
Project("{FAE04EC0-301F-11D3-BF4B-00C04F79EFBC}") = "AviFile", "aviFileWrapper_src\AviFile.csproj", "{ABB32A29-AF50-47FA-B243-5FD75A5ABA54}"
EndProject
Project("{FAE04EC0-301F-11D3-BF4B-00C04F79EFBC}") = "AudioMaker", "AudioMaker\Azure.SpeechToText\AudioMaker.csproj", "{0EE924B4-3ED4-464B-95E9-290E529BFC1B}"
EndProject
Project("{FAE04EC0-301F-11D3-BF4B-00C04F79EFBC}") = "FileDownloader", "FileDownloader\FileDownloader\FileDownloader.csproj", "{870B2190-8239-4C6B-A623-297580EA55EA}"
EndProject
Project("{FAE04EC0-301F-11D3-BF4B-00C04F79EFBC}") = "VideoConverter", "VideoConverter\VideoConverter\VideoConverter.csproj", "{0DA21CDB-9A48-4CB9-8815-55F94482635E}"
EndProject
Project("{FAE04EC0-301F-11D3-BF4B-00C04F79EFBC}") = "AudioVideoMaker", "AudioVideoMaker\AudioVideoMaker.csproj", "{8CFC4C6E-E488-44E2-BEF2-D45B463C1EAE}"
EndProject
Global
	GlobalSection(SolutionConfigurationPlatforms) = preSolution
		Debug|Any CPU = Debug|Any CPU
		Release|Any CPU = Release|Any CPU
	EndGlobalSection
	GlobalSection(ProjectConfigurationPlatforms) = postSolution
		{ABB32A29-AF50-47FA-B243-5FD75A5ABA54}.Debug|Any CPU.ActiveCfg = Debug|Any CPU
		{ABB32A29-AF50-47FA-B243-5FD75A5ABA54}.Debug|Any CPU.Build.0 = Debug|Any CPU
		{ABB32A29-AF50-47FA-B243-5FD75A5ABA54}.Release|Any CPU.ActiveCfg = Release|Any CPU
		{ABB32A29-AF50-47FA-B243-5FD75A5ABA54}.Release|Any CPU.Build.0 = Release|Any CPU
		{0EE924B4-3ED4-464B-95E9-290E529BFC1B}.Debug|Any CPU.ActiveCfg = Debug|Any CPU
		{0EE924B4-3ED4-464B-95E9-290E529BFC1B}.Debug|Any CPU.Build.0 = Debug|Any CPU
		{0EE924B4-3ED4-464B-95E9-290E529BFC1B}.Release|Any CPU.ActiveCfg = Release|Any CPU
		{0EE924B4-3ED4-464B-95E9-290E529BFC1B}.Release|Any CPU.Build.0 = Release|Any CPU
		{870B2190-8239-4C6B-A623-297580EA55EA}.Debug|Any CPU.ActiveCfg = Debug|Any CPU
		{870B2190-8239-4C6B-A623-297580EA55EA}.Debug|Any CPU.Build.0 = Debug|Any CPU
		{870B2190-8239-4C6B-A623-297580EA55EA}.Release|Any CPU.ActiveCfg = Release|Any CPU
		{870B2190-8239-4C6B-A623-297580EA55EA}.Release|Any CPU.Build.0 = Release|Any CPU
		{0DA21CDB-9A48-4CB9-8815-55F94482635E}.Debug|Any CPU.ActiveCfg = Debug|Any CPU
		{0DA21CDB-9A48-4CB9-8815-55F94482635E}.Debug|Any CPU.Build.0 = Debug|Any CPU
		{0DA21CDB-9A48-4CB9-8815-55F94482635E}.Release|Any CPU.ActiveCfg = Release|Any CPU
		{0DA21CDB-9A48-4CB9-8815-55F94482635E}.Release|Any CPU.Build.0 = Release|Any CPU
		{8CFC4C6E-E488-44E2-BEF2-D45B463C1EAE}.Debug|Any CPU.ActiveCfg = Debug|Any CPU
		{8CFC4C6E-E488-44E2-BEF2-D45B463C1EAE}.Debug|Any CPU.Build.0 = Debug|Any CPU
		{8CFC4C6E-E488-44E2-BEF2-D45B463C1EAE}.Release|Any CPU.ActiveCfg = Release|Any CPU
		{8CFC4C6E-E488-44E2-BEF2-D45B463C1EAE}.Release|Any CPU.Build.0 = Release|Any CPU
	EndGlobalSection
	GlobalSection(SolutionProperties) = preSolution
		HideSolutionNode = FALSE
	EndGlobalSection
	GlobalSection(ExtensibilityGlobals) = postSolution
		SolutionGuid = {98852490-F706-42DF-B941-B13EFA198921}
	EndGlobalSection
EndGlobal
